# This file was autogenerated by Stack.
# You should not edit this file by hand.
# For more information, please see the documentation at:
#   https://docs.haskellstack.org/en/stable/lock_files

packages:
- completed:
    hackage: Yampa-0.13.1@sha256:4612a2646c27bcd3ac55c90dbc34249303e28aa5b3bc3e0c6fa9ce58b889843c,5436
    pantry-tree:
      size: 4039
      sha256: 2ebdfafc0143a66132e1f790fc3909c93654ee89fbe468574c5c2a36070dc6b3
  original:
    hackage: Yampa-0.13.1
- completed:
    hackage: QuickCheck-2.13.2@sha256:ad4e5adbd1c9dc0221a44307b992cb040c515f31095182e47aa7e974bc461df1,6952
    pantry-tree:
      size: 2202
      sha256: f79eee2f6a00b2c649f993a7b358827702373cbc931ced55ebdfb59625540403
  original:
    hackage: QuickCheck-2.13.2
snapshots:
- completed:
    size: 491373
    url: https://raw.githubusercontent.com/commercialhaskell/stackage-snapshots/master/lts/15/3.yaml
    sha256: 29e9ff61b8bf4b4fcff55cde3ac106ebb971f0d21331dccac9eee63374fa6ca8
  original: lts-15.3
